
Microsoft Visual Studio Solution File, Format Version 12.00
# Visual Studio Version 17
VisualStudioVersion = 17.9.34723.18
MinimumVisualStudioVersion = 10.0.40219.1
Project("{FAE04EC0-301F-11D3-BF4B-00C04F79EFBC}") = "Zestaw13Zadanie1", "Zestaw13Zadanie1\Zestaw13Zadanie1.csproj", "{07960BDB-200F-44F2-A1EA-F895D23EA413}"
EndProject
Global
	GlobalSection(SolutionConfigurationPlatforms) = preSolution
		Debug|Any CPU = Debug|Any CPU
		Release|Any CPU = Release|Any CPU
	EndGlobalSection
	GlobalSection(ProjectConfigurationPlatforms) = postSolution
		{07960BDB-200F-44F2-A1EA-F895D23EA413}.Debug|Any CPU.ActiveCfg = Debug|Any CPU
		{07960BDB-200F-44F2-A1EA-F895D23EA413}.Debug|Any CPU.Build.0 = Debug|Any CPU
		{07960BDB-200F-44F2-A1EA-F895D23EA413}.Release|Any CPU.ActiveCfg = Release|Any CPU
		{07960BDB-200F-44F2-A1EA-F895D23EA413}.Release|Any CPU.Build.0 = Release|Any CPU
	EndGlobalSection
	GlobalSection(SolutionProperties) = preSolution
		HideSolutionNode = FALSE
	EndGlobalSection
	GlobalSection(ExtensibilityGlobals) = postSolution
		SolutionGuid = {BDCB54CD-AEC5-443E-88CE-8BE688B370BB}
	EndGlobalSection
EndGlobal
