
Microsoft Visual Studio Solution File, Format Version 12.00
# Visual Studio Version 17
VisualStudioVersion = 17.9.34902.65
MinimumVisualStudioVersion = 10.0.40219.1
Project("{FAE04EC0-301F-11D3-BF4B-00C04F79EFBC}") = "z8.zad2", "z8.zad2\z8.zad2.csproj", "{7285D35C-5068-451A-8AFE-700A76D30E48}"
EndProject
Global
	GlobalSection(SolutionConfigurationPlatforms) = preSolution
		Debug|Any CPU = Debug|Any CPU
		Release|Any CPU = Release|Any CPU
	EndGlobalSection
	GlobalSection(ProjectConfigurationPlatforms) = postSolution
		{7285D35C-5068-451A-8AFE-700A76D30E48}.Debug|Any CPU.ActiveCfg = Debug|Any CPU
		{7285D35C-5068-451A-8AFE-700A76D30E48}.Debug|Any CPU.Build.0 = Debug|Any CPU
		{7285D35C-5068-451A-8AFE-700A76D30E48}.Release|Any CPU.ActiveCfg = Release|Any CPU
		{7285D35C-5068-451A-8AFE-700A76D30E48}.Release|Any CPU.Build.0 = Release|Any CPU
	EndGlobalSection
	GlobalSection(SolutionProperties) = preSolution
		HideSolutionNode = FALSE
	EndGlobalSection
	GlobalSection(ExtensibilityGlobals) = postSolution
		SolutionGuid = {0BC52A61-EB69-49D5-A7CF-CCDDFEB2EC9A}
	EndGlobalSection
EndGlobal
