
Microsoft Visual Studio Solution File, Format Version 12.00
# Visual Studio Version 17
VisualStudioVersion = 17.9.34607.119
MinimumVisualStudioVersion = 10.0.40219.1
Project("{FAE04EC0-301F-11D3-BF4B-00C04F79EFBC}") = "z2.zad3", "z2.zad3\z2.zad3.csproj", "{45353670-DAE1-4BD1-82C8-CDE5095C7ED5}"
EndProject
Global
	GlobalSection(SolutionConfigurationPlatforms) = preSolution
		Debug|Any CPU = Debug|Any CPU
		Release|Any CPU = Release|Any CPU
	EndGlobalSection
	GlobalSection(ProjectConfigurationPlatforms) = postSolution
		{45353670-DAE1-4BD1-82C8-CDE5095C7ED5}.Debug|Any CPU.ActiveCfg = Debug|Any CPU
		{45353670-DAE1-4BD1-82C8-CDE5095C7ED5}.Debug|Any CPU.Build.0 = Debug|Any CPU
		{45353670-DAE1-4BD1-82C8-CDE5095C7ED5}.Release|Any CPU.ActiveCfg = Release|Any CPU
		{45353670-DAE1-4BD1-82C8-CDE5095C7ED5}.Release|Any CPU.Build.0 = Release|Any CPU
	EndGlobalSection
	GlobalSection(SolutionProperties) = preSolution
		HideSolutionNode = FALSE
	EndGlobalSection
	GlobalSection(ExtensibilityGlobals) = postSolution
		SolutionGuid = {1CEFF240-0306-4388-8923-90854B8D3330}
	EndGlobalSection
EndGlobal
