
Microsoft Visual Studio Solution File, Format Version 12.00
# Visual Studio Version 17
VisualStudioVersion = 17.9.34902.65
MinimumVisualStudioVersion = 10.0.40219.1
Project("{FAE04EC0-301F-11D3-BF4B-00C04F79EFBC}") = "z9.zad3", "z9.zad3\z9.zad3.csproj", "{08FA3420-A982-4AA6-8A43-DED77E51ADCF}"
EndProject
Global
	GlobalSection(SolutionConfigurationPlatforms) = preSolution
		Debug|Any CPU = Debug|Any CPU
		Release|Any CPU = Release|Any CPU
	EndGlobalSection
	GlobalSection(ProjectConfigurationPlatforms) = postSolution
		{08FA3420-A982-4AA6-8A43-DED77E51ADCF}.Debug|Any CPU.ActiveCfg = Debug|Any CPU
		{08FA3420-A982-4AA6-8A43-DED77E51ADCF}.Debug|Any CPU.Build.0 = Debug|Any CPU
		{08FA3420-A982-4AA6-8A43-DED77E51ADCF}.Release|Any CPU.ActiveCfg = Release|Any CPU
		{08FA3420-A982-4AA6-8A43-DED77E51ADCF}.Release|Any CPU.Build.0 = Release|Any CPU
	EndGlobalSection
	GlobalSection(SolutionProperties) = preSolution
		HideSolutionNode = FALSE
	EndGlobalSection
	GlobalSection(ExtensibilityGlobals) = postSolution
		SolutionGuid = {15A3322C-BEAD-4FDE-87EA-E98B5A39A605}
	EndGlobalSection
EndGlobal
