
Microsoft Visual Studio Solution File, Format Version 12.00
# Visual Studio Version 17
VisualStudioVersion = 17.9.34902.65
MinimumVisualStudioVersion = 10.0.40219.1
Project("{FAE04EC0-301F-11D3-BF4B-00C04F79EFBC}") = "z10.zad3", "z10.zad3\z10.zad3.csproj", "{F83DADC5-D294-4310-B85E-77551D722A04}"
EndProject
Global
	GlobalSection(SolutionConfigurationPlatforms) = preSolution
		Debug|Any CPU = Debug|Any CPU
		Release|Any CPU = Release|Any CPU
	EndGlobalSection
	GlobalSection(ProjectConfigurationPlatforms) = postSolution
		{F83DADC5-D294-4310-B85E-77551D722A04}.Debug|Any CPU.ActiveCfg = Debug|Any CPU
		{F83DADC5-D294-4310-B85E-77551D722A04}.Debug|Any CPU.Build.0 = Debug|Any CPU
		{F83DADC5-D294-4310-B85E-77551D722A04}.Release|Any CPU.ActiveCfg = Release|Any CPU
		{F83DADC5-D294-4310-B85E-77551D722A04}.Release|Any CPU.Build.0 = Release|Any CPU
	EndGlobalSection
	GlobalSection(SolutionProperties) = preSolution
		HideSolutionNode = FALSE
	EndGlobalSection
	GlobalSection(ExtensibilityGlobals) = postSolution
		SolutionGuid = {4876EF72-1CF8-440F-9159-A6BCA89FD6E1}
	EndGlobalSection
EndGlobal
