
Microsoft Visual Studio Solution File, Format Version 12.00
# Visual Studio Version 17
VisualStudioVersion = 17.9.34723.18
MinimumVisualStudioVersion = 10.0.40219.1
Project("{FAE04EC0-301F-11D3-BF4B-00C04F79EFBC}") = "Zestaw12Zadanie1", "Zestaw12Zadanie1\Zestaw12Zadanie1.csproj", "{BD17D5E9-7B46-4820-9314-9B25FBD58D08}"
EndProject
Global
	GlobalSection(SolutionConfigurationPlatforms) = preSolution
		Debug|Any CPU = Debug|Any CPU
		Release|Any CPU = Release|Any CPU
	EndGlobalSection
	GlobalSection(ProjectConfigurationPlatforms) = postSolution
		{BD17D5E9-7B46-4820-9314-9B25FBD58D08}.Debug|Any CPU.ActiveCfg = Debug|Any CPU
		{BD17D5E9-7B46-4820-9314-9B25FBD58D08}.Debug|Any CPU.Build.0 = Debug|Any CPU
		{BD17D5E9-7B46-4820-9314-9B25FBD58D08}.Release|Any CPU.ActiveCfg = Release|Any CPU
		{BD17D5E9-7B46-4820-9314-9B25FBD58D08}.Release|Any CPU.Build.0 = Release|Any CPU
	EndGlobalSection
	GlobalSection(SolutionProperties) = preSolution
		HideSolutionNode = FALSE
	EndGlobalSection
	GlobalSection(ExtensibilityGlobals) = postSolution
		SolutionGuid = {A54EF1BB-9E25-41FB-ACA9-B0CD6F8FB12D}
	EndGlobalSection
EndGlobal
