
Microsoft Visual Studio Solution File, Format Version 12.00
# Visual Studio Version 17
VisualStudioVersion = 17.9.34607.119
MinimumVisualStudioVersion = 10.0.40219.1
Project("{FAE04EC0-301F-11D3-BF4B-00C04F79EFBC}") = "z3.zad2", "z3.zad2\z3.zad2.csproj", "{6F063E78-455B-416C-A49F-34C24D698A40}"
EndProject
Global
	GlobalSection(SolutionConfigurationPlatforms) = preSolution
		Debug|Any CPU = Debug|Any CPU
		Release|Any CPU = Release|Any CPU
	EndGlobalSection
	GlobalSection(ProjectConfigurationPlatforms) = postSolution
		{6F063E78-455B-416C-A49F-34C24D698A40}.Debug|Any CPU.ActiveCfg = Debug|Any CPU
		{6F063E78-455B-416C-A49F-34C24D698A40}.Debug|Any CPU.Build.0 = Debug|Any CPU
		{6F063E78-455B-416C-A49F-34C24D698A40}.Release|Any CPU.ActiveCfg = Release|Any CPU
		{6F063E78-455B-416C-A49F-34C24D698A40}.Release|Any CPU.Build.0 = Release|Any CPU
	EndGlobalSection
	GlobalSection(SolutionProperties) = preSolution
		HideSolutionNode = FALSE
	EndGlobalSection
	GlobalSection(ExtensibilityGlobals) = postSolution
		SolutionGuid = {25622581-F891-4860-BA14-87F799BF8121}
	EndGlobalSection
EndGlobal
