
Microsoft Visual Studio Solution File, Format Version 12.00
# Visual Studio Version 17
VisualStudioVersion = 17.9.34607.119
MinimumVisualStudioVersion = 10.0.40219.1
Project("{FAE04EC0-301F-11D3-BF4B-00C04F79EFBC}") = "z6.zad2", "z6.zad2\z6.zad2.csproj", "{16E23B6B-C63B-4B0A-B10D-698032A7BDEA}"
EndProject
Global
	GlobalSection(SolutionConfigurationPlatforms) = preSolution
		Debug|Any CPU = Debug|Any CPU
		Release|Any CPU = Release|Any CPU
	EndGlobalSection
	GlobalSection(ProjectConfigurationPlatforms) = postSolution
		{16E23B6B-C63B-4B0A-B10D-698032A7BDEA}.Debug|Any CPU.ActiveCfg = Debug|Any CPU
		{16E23B6B-C63B-4B0A-B10D-698032A7BDEA}.Debug|Any CPU.Build.0 = Debug|Any CPU
		{16E23B6B-C63B-4B0A-B10D-698032A7BDEA}.Release|Any CPU.ActiveCfg = Release|Any CPU
		{16E23B6B-C63B-4B0A-B10D-698032A7BDEA}.Release|Any CPU.Build.0 = Release|Any CPU
	EndGlobalSection
	GlobalSection(SolutionProperties) = preSolution
		HideSolutionNode = FALSE
	EndGlobalSection
	GlobalSection(ExtensibilityGlobals) = postSolution
		SolutionGuid = {16FB7C1D-224B-46AD-A529-D775602C2EBC}
	EndGlobalSection
EndGlobal
