
Microsoft Visual Studio Solution File, Format Version 12.00
# Visual Studio Version 17
VisualStudioVersion = 17.9.34902.65
MinimumVisualStudioVersion = 10.0.40219.1
Project("{FAE04EC0-301F-11D3-BF4B-00C04F79EFBC}") = "z9.zad1", "z9.zad1\z9.zad1.csproj", "{CAA51358-E099-4D2D-8902-A806F9396225}"
EndProject
Global
	GlobalSection(SolutionConfigurationPlatforms) = preSolution
		Debug|Any CPU = Debug|Any CPU
		Release|Any CPU = Release|Any CPU
	EndGlobalSection
	GlobalSection(ProjectConfigurationPlatforms) = postSolution
		{CAA51358-E099-4D2D-8902-A806F9396225}.Debug|Any CPU.ActiveCfg = Debug|Any CPU
		{CAA51358-E099-4D2D-8902-A806F9396225}.Debug|Any CPU.Build.0 = Debug|Any CPU
		{CAA51358-E099-4D2D-8902-A806F9396225}.Release|Any CPU.ActiveCfg = Release|Any CPU
		{CAA51358-E099-4D2D-8902-A806F9396225}.Release|Any CPU.Build.0 = Release|Any CPU
	EndGlobalSection
	GlobalSection(SolutionProperties) = preSolution
		HideSolutionNode = FALSE
	EndGlobalSection
	GlobalSection(ExtensibilityGlobals) = postSolution
		SolutionGuid = {503B11E5-FE73-4082-BAE6-A31A4247F2D5}
	EndGlobalSection
EndGlobal
