
Microsoft Visual Studio Solution File, Format Version 12.00
# Visual Studio Version 17
VisualStudioVersion = 17.9.34607.119
MinimumVisualStudioVersion = 10.0.40219.1
Project("{FAE04EC0-301F-11D3-BF4B-00C04F79EFBC}") = "z2.zad1", "z2.zad1\z2.zad1.csproj", "{08AE2970-4055-416A-90E0-A9E020729D69}"
EndProject
Global
	GlobalSection(SolutionConfigurationPlatforms) = preSolution
		Debug|Any CPU = Debug|Any CPU
		Release|Any CPU = Release|Any CPU
	EndGlobalSection
	GlobalSection(ProjectConfigurationPlatforms) = postSolution
		{08AE2970-4055-416A-90E0-A9E020729D69}.Debug|Any CPU.ActiveCfg = Debug|Any CPU
		{08AE2970-4055-416A-90E0-A9E020729D69}.Debug|Any CPU.Build.0 = Debug|Any CPU
		{08AE2970-4055-416A-90E0-A9E020729D69}.Release|Any CPU.ActiveCfg = Release|Any CPU
		{08AE2970-4055-416A-90E0-A9E020729D69}.Release|Any CPU.Build.0 = Release|Any CPU
	EndGlobalSection
	GlobalSection(SolutionProperties) = preSolution
		HideSolutionNode = FALSE
	EndGlobalSection
	GlobalSection(ExtensibilityGlobals) = postSolution
		SolutionGuid = {366C6B34-F098-4A84-B3CC-6B594A2A36DC}
	EndGlobalSection
EndGlobal
